{
  "name": "contador",
  "version": "0.1.0",
  "lockfileVersion": 3,
  "requires": true,
  "packages": {
    "": {
      "name": "contador",
      "version": "0.1.0",
      "dependencies": {
        "contador": "file:"
      }
    },
    "node_modules/contador": {
      "resolved": "",
      "link": true
    }
  }
}
